
Microsoft Visual Studio Solution File, Format Version 12.00
# Visual Studio Version 17
VisualStudioVersion = 17.14.36221.1
MinimumVisualStudioVersion = 10.0.40219.1
Project("{FAE04EC0-301F-11D3-BF4B-00C04F79EFBC}") = "Gautam_23SOEIT11603", "Gautam_23SOEIT11603.csproj", "{0AA5AEDF-F20C-498E-9449-C2B59084D824}"
EndProject
Project("{FAE04EC0-301F-11D3-BF4B-00C04F79EFBC}") = "23SOEIT11603_GAUTAM_TUTORIAL-1", "..\23SOEIT11603_GAUTAM_TUTORIAL-1\23SOEIT11603_GAUTAM_TUTORIAL-1.csproj", "{24388F24-8A76-4E33-BDB0-1C7B4CF038FD}"
EndProject
Global
	GlobalSection(SolutionConfigurationPlatforms) = preSolution
		Debug|Any CPU = Debug|Any CPU
		Release|Any CPU = Release|Any CPU
	EndGlobalSection
	GlobalSection(ProjectConfigurationPlatforms) = postSolution
		{0AA5AEDF-F20C-498E-9449-C2B59084D824}.Debug|Any CPU.ActiveCfg = Debug|Any CPU
		{0AA5AEDF-F20C-498E-9449-C2B59084D824}.Debug|Any CPU.Build.0 = Debug|Any CPU
		{0AA5AEDF-F20C-498E-9449-C2B59084D824}.Release|Any CPU.ActiveCfg = Release|Any CPU
		{0AA5AEDF-F20C-498E-9449-C2B59084D824}.Release|Any CPU.Build.0 = Release|Any CPU
		{24388F24-8A76-4E33-BDB0-1C7B4CF038FD}.Debug|Any CPU.ActiveCfg = Debug|Any CPU
		{24388F24-8A76-4E33-BDB0-1C7B4CF038FD}.Debug|Any CPU.Build.0 = Debug|Any CPU
		{24388F24-8A76-4E33-BDB0-1C7B4CF038FD}.Release|Any CPU.ActiveCfg = Release|Any CPU
		{24388F24-8A76-4E33-BDB0-1C7B4CF038FD}.Release|Any CPU.Build.0 = Release|Any CPU
	EndGlobalSection
	GlobalSection(SolutionProperties) = preSolution
		HideSolutionNode = FALSE
	EndGlobalSection
	GlobalSection(ExtensibilityGlobals) = postSolution
		SolutionGuid = {DA93762C-2F32-4C22-A208-D13C07781A7F}
	EndGlobalSection
EndGlobal
